{
  "version": "3",
  "remote": {
    "https://deno.land/std@0.92.0/_util/assert.ts": "2f868145a042a11d5ad0a3c748dcf580add8a0dbc0e876eaa0026303a5488f58",
    "https://deno.land/std@0.92.0/_util/has_own_property.ts": "f5edd94ed3f3c20c517d812045deb97977e18501c9b7105b5f5c11a31893d7a2",
    "https://deno.land/std@0.92.0/_util/os.ts": "e282950a0eaa96760c0cf11e7463e66babd15ec9157d4c9ed49cc0925686f6a7",
    "https://deno.land/std@0.92.0/async/deferred.ts": "624bef4b755b71394620508a0c234a93cb8020cbd1b04bfcdad41c174392cef6",
    "https://deno.land/std@0.92.0/async/delay.ts": "9de1d8d07d1927767ab7f82434b883f3d8294fb19cad819691a2ad81a728cf3d",
    "https://deno.land/std@0.92.0/async/mod.ts": "253b41c658d768613eacfb11caa0a9ca7148442f932018a45576f7f27554c853",
    "https://deno.land/std@0.92.0/async/mux_async_iterator.ts": "b9091909db04cdb0af6f7807677372f64c1488de6c4bd86004511b064bf230d6",
    "https://deno.land/std@0.92.0/async/pool.ts": "876f9e6815366cd017a3b4fbb9e9ae40310b1b6972f1bd541c94358bc11fb7e5",
    "https://deno.land/std@0.92.0/bytes/mod.ts": "1ae1ccfe98c4b979f12b015982c7444f81fcb921bea7aa215bf37d84f46e1e13",
    "https://deno.land/std@0.92.0/datetime/formatter.ts": "bf7befcd2c55c3060be199ebc10e40f9c33aef6141c20f7c781d03beef25a49e",
    "https://deno.land/std@0.92.0/datetime/mod.ts": "c62a2c7e9d364f8d007f0f2496a4850a0f0790adb529de1988359d8d54f6103c",
    "https://deno.land/std@0.92.0/datetime/tokenizer.ts": "492bb6251e75e0c03d5a89a66bd2b03e08e9cbc298d51e002cf59378aaa32c48",
    "https://deno.land/std@0.92.0/fmt/colors.ts": "db22b314a2ae9430ae7460ce005e0a7130e23ae1c999157e3bb77cf55800f7e4",
    "https://deno.land/std@0.92.0/http/_io.ts": "bf1331dd3be8aace9120614c1fedc2bb2449edc4779e31b74c0181ea9173f702",
    "https://deno.land/std@0.92.0/http/cookie.ts": "4455514ffc2fd3b90e00040df41a48bb67e83d3fcb6ce1e4d56f22c4ab540360",
    "https://deno.land/std@0.92.0/http/http_status.ts": "ebaa9bebfb8adc3d7b20c49e11037e4eefd79629ad80d81383933f4cdc91b3eb",
    "https://deno.land/std@0.92.0/http/server.ts": "d4e17c2aa5a5c65a2d19b9f24483be5f6c2a3e03665996fdf973e53c43091b48",
    "https://deno.land/std@0.92.0/io/buffer.ts": "2a92f02c1d8daaebaf13e5678ea5969c89f4fab533f687b9e7e86f49f11c3118",
    "https://deno.land/std@0.92.0/io/bufio.ts": "4053ea5d978479be68ae4d73424045a59c6b7a6e8f66727e4bfde516baa07126",
    "https://deno.land/std@0.92.0/io/ioutil.ts": "275fa440494df9b4b3aa656301ced2eeac533feec128b3a39b2b40f4cd957e42",
    "https://deno.land/std@0.92.0/io/readers.ts": "17403919724fef2f343c88555606368868a5c752a1099ad801f6a381c170f62d",
    "https://deno.land/std@0.92.0/io/util.ts": "03ca10e063afce551c501505c607ec336a40b9cb72363f5508e2a9ac81096bbf",
    "https://deno.land/std@0.92.0/mime/multipart.ts": "b49d192c76fa3346e2f78dc0cc4d045f243c7303b9c1186744a56eadccb6af76",
    "https://deno.land/std@0.92.0/path/_constants.ts": "1247fee4a79b70c89f23499691ef169b41b6ccf01887a0abd131009c5581b853",
    "https://deno.land/std@0.92.0/path/_interface.ts": "1fa73b02aaa24867e481a48492b44f2598cd9dfa513c7b34001437007d3642e4",
    "https://deno.land/std@0.92.0/path/_util.ts": "2e06a3b9e79beaf62687196bd4b60a4c391d862cfa007a20fc3a39f778ba073b",
    "https://deno.land/std@0.92.0/path/common.ts": "eaf03d08b569e8a87e674e4e265e099f237472b6fd135b3cbeae5827035ea14a",
    "https://deno.land/std@0.92.0/path/glob.ts": "4a524c1c9da3e79a9fdabdc6e850cd9e41bdf31e442856ffa19c5b123268ca95",
    "https://deno.land/std@0.92.0/path/mod.ts": "4465dc494f271b02569edbb4a18d727063b5dbd6ed84283ff906260970a15d12",
    "https://deno.land/std@0.92.0/path/posix.ts": "f56c3c99feb47f30a40ce9d252ef6f00296fa7c0fcb6dd81211bdb3b8b99ca3b",
    "https://deno.land/std@0.92.0/path/separator.ts": "8fdcf289b1b76fd726a508f57d3370ca029ae6976fcde5044007f062e643ff1c",
    "https://deno.land/std@0.92.0/path/win32.ts": "77f7b3604e0de40f3a7c698e8a79e7f601dc187035a1c21cb1e596666ce112f8",
    "https://deno.land/std@0.92.0/textproto/mod.ts": "1c89b39a079dd158893ab2e9ff79391c66049433d6ca82da7d64b32280570d51",
    "https://deno.land/x/abc@v1.3.1/_header.ts": "111617a83e956c74f2bb2c3ccbb0cc39801b13365c11c050e74d0b74d31546ac",
    "https://deno.land/x/abc@v1.3.1/_http_method.ts": "407c04d24eaee5ce9a1b00a9f1ef0d5b0b0cacfec080a98ece15ed8471ee9ef8",
    "https://deno.land/x/abc@v1.3.1/_mime.ts": "b8df2d5497038b02feb4659eda37948516703792626d22ae1c190d21000d1300",
    "https://deno.land/x/abc@v1.3.1/app.ts": "6a4894d64350347fb94c6cfe6d3c59ddbf5cac5a58fe1534cbe9d65554ac76f4",
    "https://deno.land/x/abc@v1.3.1/constants.ts": "1c04ea5873f9540a1c227c70ebbf97f3f3c2751a88b98f035f7eccf6b3ae4201",
    "https://deno.land/x/abc@v1.3.1/context.ts": "ea13c47a98bc6316ea4593da186ee873150965a417bc6f6ea59ee647ab6551a1",
    "https://deno.land/x/abc@v1.3.1/group.ts": "e6d990a470cce002a9a00e5666a4960b552c3f82116522bb1bd2b64490309653",
    "https://deno.land/x/abc@v1.3.1/http_exception.ts": "45cd2e85f3f63f011af35064459d5180257766ebc4af981aef6c3a7fc9955ca3",
    "https://deno.land/x/abc@v1.3.1/mod.ts": "861cbdf90446f40afc7ddcaacbcb69e432e0970e6c6ea830ea80fd988de3a2e8",
    "https://deno.land/x/abc@v1.3.1/router.ts": "45be01701031eda4c95f9a68c6248014a4e939c2e9e0679d920867fe327a7da0",
    "https://deno.land/x/abc@v1.3.1/types.ts": "2e8a6ebbacf3c814b3b1f40d9b38a8833d8e41b55b67a23e5bbedf4edb51212a",
    "https://deno.land/x/abc@v1.3.1/util.ts": "8eb6a894461a1875132b4d380cf6e52396a5fbcc7e1cde4aa7d523183cadf51b",
    "https://deno.land/x/abc@v1.3.1/vendor/https/deno.land/std/fmt/colors.ts": "20638aff740bfe0903eef29d790c93f572722a9fc12f69c0a37c7797da3d6e44",
    "https://deno.land/x/abc@v1.3.1/vendor/https/deno.land/std/http/cookie.ts": "205e62dde094eb1d9123d2bd34fcbec9370e91015c2fe08ffd51c7736a84baed",
    "https://deno.land/x/abc@v1.3.1/vendor/https/deno.land/std/http/http_status.ts": "39034c6c377db4c74dfd059cd7043a4c75c905255fd7a68f026c3b306d28376a",
    "https://deno.land/x/abc@v1.3.1/vendor/https/deno.land/std/http/server.ts": "d0807efffc715e88865a57944f020d66c3ff0e84c36a5f26b20711c3be32c969",
    "https://deno.land/x/abc@v1.3.1/vendor/https/deno.land/std/mime/multipart.ts": "de0933988ad4ee3d91060119e6572f1f8e737dc04e8a86ce3e90fea6e605743a",
    "https://deno.land/x/abc@v1.3.1/vendor/https/deno.land/std/path/mod.ts": "120c38acf9861e3923555a4d300cc28582d97413f690851cd80c353190aa62dd",
    "https://deno.land/x/abc@v1.3.1/vendor/https/deno.land/x/router/mod.ts": "a12a329c0b5d04e409fc7ad9f202fd3f78ed494e0236c04eba98a02e69731707",
    "https://deno.land/x/router@v2.0.0/mod.ts": "8792d3c390e0446d89eb94ee8030dd20de18f2aba649e263d2832f3f150ea2ce",
    "https://dev.jspm.io/npm:object-assign@4!cjs": "b19fbacc33f0ed8b8b4f8f7d0361a0546f4a5b946c3313fe9d36f4e599ecc41e",
    "https://dev.jspm.io/npm:object-assign@4.1.1!cjs": "6da711649ed78e03ebae561088386c8ece0fcc1c8da2b2f32de6515d30ac1db6",
    "https://dev.jspm.io/npm:react-dom@17.0.1!cjs": "70d6e60fe8398c32b7e3312b6c3acb5eb46d4c724c70867289be40ac48bf507c",
    "https://dev.jspm.io/npm:react-dom@17.0.1/_/53029289.js": "d3d0a24763e4288e1de78bd872a52b2c3a26b5987bd0c6851c22bd120b74f15a",
    "https://dev.jspm.io/npm:react-dom@17.0.1/cjs/react-dom.development.js!cjs": "9368e173fb7b57df293519df597e7fbca2dd838c3bd1f366140f21a38f4bd59e",
    "https://dev.jspm.io/npm:react-dom@17.0.2!cjs": "72b770c49b8be5c555bdb30abfa88c7a8917f0dcbee7e56bbe49c0a9687acb3c",
    "https://dev.jspm.io/npm:react-dom@17.0.2/_/cd25d75b.js": "ebea2d89c8f81287001d86a2d8534592c00e6d0ce587c54d07a219a6deaff533",
    "https://dev.jspm.io/npm:react-dom@17.0.2/cjs/react-dom.development.js!cjs": "7f37931f11bb5f0d15a567d392f7aa0ad9e12b64fb1b3eebb5f66e9af0c5aaad",
    "https://dev.jspm.io/npm:react@17.0.1!cjs": "cca8d45e6ef688485c9d0340610591f015f83b13d17f9cfc9394a9db0752a9b2",
    "https://dev.jspm.io/npm:react@17.0.1/cjs/react.development.js!cjs": "736ddcbcbf33cb352dd998e19a54541b7f85c318a04e98b2db8f921dbaa99694",
    "https://dev.jspm.io/npm:react@17.0.2!cjs": "c71836222a8f9611b55f30ebb28143bc9db7a89fa73256c17d4e5544040c1eb3",
    "https://dev.jspm.io/npm:react@17.0.2/cjs/react.development!cjs": "a0f0dacdae52de8abfa42702e575a2dac8cf24af6e543bcf2f81d2317909a977",
    "https://dev.jspm.io/npm:scheduler@0.20!cjs": "f42e06b187e09bbaa53b5c0a443e53cfcea749364cb12d0e07deadcc9d445317",
    "https://dev.jspm.io/npm:scheduler@0.20.2!cjs": "a69f426bc3004eb47161de42025bb58121a15eabffa4f4a0bcac1b55c10dea48",
    "https://dev.jspm.io/npm:scheduler@0.20.2/_/b59585b3.js": "2320feaccc3e97d85ded5c6a7421287cb3f80e6d4d4cec2f382501150d8a3264",
    "https://dev.jspm.io/npm:scheduler@0.20.2/tracing!cjs": "7f6eb049b5643948f8d846bbaec238e7c2f3b980fb7706271ab351e42dc60d12",
    "https://dev.jspm.io/npm:scheduler@0.20/tracing!cjs": "ce0817b69b58cd256d681e3a9de8070957883ac415ac352b5d2a21110f3b932f",
    "https://dev.jspm.io/react-dom@17.0.1": "a1c98eb7439a4c48c3023fe5e1bba482d92b3e924f18260e219d3f5fd74af6f2",
    "https://dev.jspm.io/react-dom@17.0.2": "965f15a708d0ab8bf33a243b8e9ecfcacbe27c465e7531901ae91a89d17ee128",
    "https://dev.jspm.io/react@17.0.1": "8500bd21fb1a9792a5dcc9f141ab0fb785fbc3c8cea4a00f911c931f039986de",
    "https://dev.jspm.io/react@17.0.2": "fa190d371bcc7086b3a7d1e8898374e0e2dcaffadd2e7edfaedec2e9a3ed20d9"
  }
}
